{
  "name": "tests",
  "version": "1.0.0",
  "lockfileVersion": 2,
  "requires": true,
  "packages": {
    "": {
      "version": "1.0.0",
      "license": "ISC",
      "dependencies": {
        "automated-worker": "github:fensziii/automated-worker"
      }
    },
    "node_modules/automated-worker": {
      "version": "0.0.1",
      "resolved": "git+ssh://git@github.com/fensziii/automated-worker.git#1bffb708168ad4915234bb7ad376abc0ed7f445c",
      "license": "ISC"
    }
  },
  "dependencies": {
    "automated-worker": {
      "version": "git+ssh://git@github.com/fensziii/automated-worker.git#1bffb708168ad4915234bb7ad376abc0ed7f445c",
      "from": "automated-worker@git+https://github.com/fensziii/automated-worker.git"
    }
  }
}
